// !$*UTF8*$!
{
	archiveVersion = 1;
	classes = {
	};
	objectVersion = 55;
	objects = {

/* Begin PBXBuildFile section */
		D5BCD50227D263E40031C074 /* AppDelegate.swift in Sources */ = {isa = PBXBuildFile; fileRef = D5BCD50127D263E40031C074 /* AppDelegate.swift */; };
		D5BCD50427D263E40031C074 /* SceneDelegate.swift in Sources */ = {isa = PBXBuildFile; fileRef = D5BCD50327D263E40031C074 /* SceneDelegate.swift */; };
		D5BCD50627D263E40031C074 /* ViewController.swift in Sources */ = {isa = PBXBuildFile; fileRef = D5BCD50527D263E40031C074 /* ViewController.swift */; };
		D5BCD50927D263E40031C074 /* Main.storyboard in Resources */ = {isa = PBXBuildFile; fileRef = D5BCD50727D263E40031C074 /* Main.storyboard */; };
		D5BCD50C27D263E40031C074 /* Tabla2.xcdatamodeld in Sources */ = {isa = PBXBuildFile; fileRef = D5BCD50A27D263E40031C074 /* Tabla2.xcdatamodeld */; };
		D5BCD50E27D263E70031C074 /* Assets.xcassets in Resources */ = {isa = PBXBuildFile; fileRef = D5BCD50D27D263E70031C074 /* Assets.xcassets */; };
		D5BCD51127D263E70031C074 /* LaunchScreen.storyboard in Resources */ = {isa = PBXBuildFile; fileRef = D5BCD50F27D263E70031C074 /* LaunchScreen.storyboard */; };
		D5BCD51927D265800031C074 /* TableViewControllerTarjeta.swift in Sources */ = {isa = PBXBuildFile; fileRef = D5BCD51827D265800031C074 /* TableViewControllerTarjeta.swift */; };
		D5BCD51B27D265AC0031C074 /* TableViewCellTarjeta.swift in Sources */ = {isa = PBXBuildFile; fileRef = D5BCD51A27D265AC0031C074 /* TableViewCellTarjeta.swift */; };
		D5BCD51D27D276C90031C074 /* TarjetaEstatica.swift in Sources */ = {isa = PBXBuildFile; fileRef = D5BCD51C27D276C90031C074 /* TarjetaEstatica.swift */; };
/* End PBXBuildFile section */

/* Begin PBXFileReference section */
		D5BCD4FE27D263E40031C074 /* Tabla2.app */ = {isa = PBXFileReference; explicitFileType = wrapper.application; includeInIndex = 0; path = Tabla2.app; sourceTree = BUILT_PRODUCTS_DIR; };
		D5BCD50127D263E40031C074 /* AppDelegate.swift */ = {isa = PBXFileReference; lastKnownFileType = sourcecode.swift; path = AppDelegate.swift; sourceTree = "<group>"; };
		D5BCD50327D263E40031C074 /* SceneDelegate.swift */ = {isa = PBXFileReference; lastKnownFileType = sourcecode.swift; path = SceneDelegate.swift; sourceTree = "<group>"; };
		D5BCD50527D263E40031C074 /* ViewController.swift */ = {isa = PBXFileReference; lastKnownFileType = sourcecode.swift; path = ViewController.swift; sourceTree = "<group>"; };
		D5BCD50827D263E40031C074 /* Base */ = {isa = PBXFileReference; lastKnownFileType = file.storyboard; name = Base; path = Base.lproj/Main.storyboard; sourceTree = "<group>"; };
		D5BCD50B27D263E40031C074 /* Tabla2.xcdatamodel */ = {isa = PBXFileReference; lastKnownFileType = wrapper.xcdatamodel; path = Tabla2.xcdatamodel; sourceTree = "<group>"; };
		D5BCD50D27D263E70031C074 /* Assets.xcassets */ = {isa = PBXFileReference; lastKnownFileType = folder.assetcatalog; path = Assets.xcassets; sourceTree = "<group>"; };
		D5BCD51027D263E70031C074 /* Base */ = {isa = PBXFileReference; lastKnownFileType = file.storyboard; name = Base; path = Base.lproj/LaunchScreen.storyboard; sourceTree = "<group>"; };
		D5BCD51227D263E70031C074 /* Info.plist */ = {isa = PBXFileReference; lastKnownFileType = text.plist.xml; path = Info.plist; sourceTree = "<group>"; };
		D5BCD51827D265800031C074 /* TableViewControllerTarjeta.swift */ = {isa = PBXFileReference; lastKnownFileType = sourcecode.swift; path = TableViewControllerTarjeta.swift; sourceTree = "<group>"; };
		D5BCD51A27D265AC0031C074 /* TableViewCellTarjeta.swift */ = {isa = PBXFileReference; lastKnownFileType = sourcecode.swift; path = TableViewCellTarjeta.swift; sourceTree = "<group>"; };
		D5BCD51C27D276C90031C074 /* TarjetaEstatica.swift */ = {isa = PBXFileReference; lastKnownFileType = sourcecode.swift; path = TarjetaEstatica.swift; sourceTree = "<group>"; };
/* End PBXFileReference section */

/* Begin PBXFrameworksBuildPhase section */
		D5BCD4FB27D263E40031C074 /* Frameworks */ = {
			isa = PBXFrameworksBuildPhase;
			buildActionMask = 2147483647;
			files = (
			);
			runOnlyForDeploymentPostprocessing = 0;
		};
/* End PBXFrameworksBuildPhase section */

/* Begin PBXGroup section */
		D5BCD4F527D263E40031C074 = {
			isa = PBXGroup;
			children = (
				D5BCD50027D263E40031C074 /* Tabla2 */,
				D5BCD4FF27D263E40031C074 /* Products */,
			);
			sourceTree = "<group>";
		};
		D5BCD4FF27D263E40031C074 /* Products */ = {
			isa = PBXGroup;
			children = (
				D5BCD4FE27D263E40031C074 /* Tabla2.app */,
			);
			name = Products;
			sourceTree = "<group>";
		};
		D5BCD50027D263E40031C074 /* Tabla2 */ = {
			isa = PBXGroup;
			children = (
				D5BCD50127D263E40031C074 /* AppDelegate.swift */,
				D5BCD50327D263E40031C074 /* SceneDelegate.swift */,
				D5BCD50527D263E40031C074 /* ViewController.swift */,
				D5BCD50727D263E40031C074 /* Main.storyboard */,
				D5BCD50D27D263E70031C074 /* Assets.xcassets */,
				D5BCD50F27D263E70031C074 /* LaunchScreen.storyboard */,
				D5BCD51227D263E70031C074 /* Info.plist */,
				D5BCD50A27D263E40031C074 /* Tabla2.xcdatamodeld */,
				D5BCD51827D265800031C074 /* TableViewControllerTarjeta.swift */,
				D5BCD51A27D265AC0031C074 /* TableViewCellTarjeta.swift */,
				D5BCD51C27D276C90031C074 /* TarjetaEstatica.swift */,
			);
			path = Tabla2;
			sourceTree = "<group>";
		};
/* End PBXGroup section */

/* Begin PBXNativeTarget section */
		D5BCD4FD27D263E40031C074 /* Tabla2 */ = {
			isa = PBXNativeTarget;
			buildConfigurationList = D5BCD51527D263E70031C074 /* Build configuration list for PBXNativeTarget "Tabla2" */;
			buildPhases = (
				D5BCD4FA27D263E40031C074 /* Sources */,
				D5BCD4FB27D263E40031C074 /* Frameworks */,
				D5BCD4FC27D263E40031C074 /* Resources */,
			);
			buildRules = (
			);
			dependencies = (
			);
			name = Tabla2;
			productName = Tabla2;
			productReference = D5BCD4FE27D263E40031C074 /* Tabla2.app */;
			productType = "com.apple.product-type.application";
		};
/* End PBXNativeTarget section */

/* Begin PBXProject section */
		D5BCD4F627D263E40031C074 /* Project object */ = {
			isa = PBXProject;
			attributes = {
				BuildIndependentTargetsInParallel = 1;
				LastSwiftUpdateCheck = 1320;
				LastUpgradeCheck = 1320;
				TargetAttributes = {
					D5BCD4FD27D263E40031C074 = {
						CreatedOnToolsVersion = 13.2.1;
					};
				};
			};
			buildConfigurationList = D5BCD4F927D263E40031C074 /* Build configuration list for PBXProject "Tabla2" */;
			compatibilityVersion = "Xcode 13.0";
			developmentRegion = en;
			hasScannedForEncodings = 0;
			knownRegions = (
				en,
				Base,
			);
			mainGroup = D5BCD4F527D263E40031C074;
			productRefGroup = D5BCD4FF27D263E40031C074 /* Products */;
			projectDirPath = "";
			projectRoot = "";
			targets = (
				D5BCD4FD27D263E40031C074 /* Tabla2 */,
			);
		};
/* End PBXProject section */

/* Begin PBXResourcesBuildPhase section */
		D5BCD4FC27D263E40031C074 /* Resources */ = {
			isa = PBXResourcesBuildPhase;
			buildActionMask = 2147483647;
			files = (
				D5BCD51127D263E70031C074 /* LaunchScreen.storyboard in Resources */,
				D5BCD50E27D263E70031C074 /* Assets.xcassets in Resources */,
				D5BCD50927D263E40031C074 /* Main.storyboard in Resources */,
			);
			runOnlyForDeploymentPostprocessing = 0;
		};
/* End PBXResourcesBuildPhase section */

/* Begin PBXSourcesBuildPhase section */
		D5BCD4FA27D263E40031C074 /* Sources */ = {
			isa = PBXSourcesBuildPhase;
			buildActionMask = 2147483647;
			files = (
				D5BCD50627D263E40031C074 /* ViewController.swift in Sources */,
				D5BCD51B27D265AC0031C074 /* TableViewCellTarjeta.swift in Sources */,
				D5BCD50C27D263E40031C074 /* Tabla2.xcdatamodeld in Sources */,
				D5BCD51927D265800031C074 /* TableViewControllerTarjeta.swift in Sources */,
				D5BCD50227D263E40031C074 /* AppDelegate.swift in Sources */,
				D5BCD50427D263E40031C074 /* SceneDelegate.swift in Sources */,
				D5BCD51D27D276C90031C074 /* TarjetaEstatica.swift in Sources */,
			);
			runOnlyForDeploymentPostprocessing = 0;
		};
/* End PBXSourcesBuildPhase section */

/* Begin PBXVariantGroup section */
		D5BCD50727D263E40031C074 /* Main.storyboard */ = {
			isa = PBXVariantGroup;
			children = (
				D5BCD50827D263E40031C074 /* Base */,
			);
			name = Main.storyboard;
			sourceTree = "<group>";
		};
		D5BCD50F27D263E70031C074 /* LaunchScreen.storyboard */ = {
			isa = PBXVariantGroup;
			children = (
				D5BCD51027D263E70031C074 /* Base */,
			);
			name = LaunchScreen.storyboard;
			sourceTree = "<group>";
		};
/* End PBXVariantGroup section */

/* Begin XCBuildConfiguration section */
		D5BCD51327D263E70031C074 /* Debug */ = {
			isa = XCBuildConfiguration;
			buildSettings = {
				ALWAYS_SEARCH_USER_PATHS = NO;
				CLANG_ANALYZER_NONNULL = YES;
				CLANG_ANALYZER_NUMBER_OBJECT_CONVERSION = YES_AGGRESSIVE;
				CLANG_CXX_LANGUAGE_STANDARD = "gnu++17";
				CLANG_CXX_LIBRARY = "libc++";
				CLANG_ENABLE_MODULES = YES;
				CLANG_ENABLE_OBJC_ARC = YES;
				CLANG_ENABLE_OBJC_WEAK = YES;
				CLANG_WARN_BLOCK_CAPTURE_AUTORELEASING = YES;
				CLANG_WARN_BOOL_CONVERSION = YES;
				CLANG_WARN_COMMA = YES;
				CLANG_WARN_CONSTANT_CONVERSION = YES;
				CLANG_WARN_DEPRECATED_OBJC_IMPLEMENTATIONS = YES;
				CLANG_WARN_DIRECT_OBJC_ISA_USAGE = YES_ERROR;
				CLANG_WARN_DOCUMENTATION_COMMENTS = YES;
				CLANG_WARN_EMPTY_BODY = YES;
				CLANG_WARN_ENUM_CONVERSION = YES;
				CLANG_WARN_INFINITE_RECURSION = YES;
				CLANG_WARN_INT_CONVERSION = YES;
				CLANG_WARN_NON_LITERAL_NULL_CONVERSION = YES;
				CLANG_WARN_OBJC_IMPLICIT_RETAIN_SELF = YES;
				CLANG_WARN_OBJC_LITERAL_CONVERSION = YES;
				CLANG_WARN_OBJC_ROOT_CLASS = YES_ERROR;
				CLANG_WARN_QUOTED_INCLUDE_IN_FRAMEWORK_HEADER = YES;
				CLANG_WARN_RANGE_LOOP_ANALYSIS = YES;
				CLANG_WARN_STRICT_PROTOTYPES = YES;
				CLANG_WARN_SUSPICIOUS_MOVE = YES;
				CLANG_WARN_UNGUARDED_AVAILABILITY = YES_AGGRESSIVE;
				CLANG_WARN_UNREACHABLE_CODE = YES;
				CLANG_WARN__DUPLICATE_METHOD_MATCH = YES;
				COPY_PHASE_STRIP = NO;
				DEBUG_INFORMATION_FORMAT = dwarf;
				ENABLE_STRICT_OBJC_MSGSEND = YES;
				ENABLE_TESTABILITY = YES;
				GCC_C_LANGUAGE_STANDARD = gnu11;
				GCC_DYNAMIC_NO_PIC = NO;
				GCC_NO_COMMON_BLOCKS = YES;
				GCC_OPTIMIZATION_LEVEL = 0;
				GCC_PREPROCESSOR_DEFINITIONS = (
					"DEBUG=1",
					"$(inherited)",
				);
				GCC_WARN_64_TO_32_BIT_CONVERSION = YES;
				GCC_WARN_ABOUT_RETURN_TYPE = YES_ERROR;
				GCC_WARN_UNDECLARED_SELECTOR = YES;
				GCC_WARN_UNINITIALIZED_AUTOS = YES_AGGRESSIVE;
				GCC_WARN_UNUSED_FUNCTION = YES;
				GCC_WARN_UNUSED_VARIABLE = YES;
				IPHONEOS_DEPLOYMENT_TARGET = 15.2;
				MTL_ENABLE_DEBUG_INFO = INCLUDE_SOURCE;
				MTL_FAST_MATH = YES;
				ONLY_ACTIVE_ARCH = YES;
				SDKROOT = iphoneos;
				SWIFT_ACTIVE_COMPILATION_CONDITIONS = DEBUG;
				SWIFT_OPTIMIZATION_LEVEL = "-Onone";
			};
			name = Debug;
		};
		D5BCD51427D263E70031C074 /* Release */ = {
			isa = XCBuildConfiguration;
			buildSettings = {
				ALWAYS_SEARCH_USER_PATHS = NO;
				CLANG_ANALYZER_NONNULL = YES;
				CLANG_ANALYZER_NUMBER_OBJECT_CONVERSION = YES_AGGRESSIVE;
				CLANG_CXX_LANGUAGE_STANDARD = "gnu++17";
				CLANG_CXX_LIBRARY = "libc++";
				CLANG_ENABLE_MODULES = YES;
				CLANG_ENABLE_OBJC_ARC = YES;
				CLANG_ENABLE_OBJC_WEAK = YES;
				CLANG_WARN_BLOCK_CAPTURE_AUTORELEASING = YES;
				CLANG_WARN_BOOL_CONVERSION = YES;
				CLANG_WARN_COMMA = YES;
				CLANG_WARN_CONSTANT_CONVERSION = YES;
				CLANG_WARN_DEPRECATED_OBJC_IMPLEMENTATIONS = YES;
				CLANG_WARN_DIRECT_OBJC_ISA_USAGE = YES_ERROR;
				CLANG_WARN_DOCUMENTATION_COMMENTS = YES;
				CLANG_WARN_EMPTY_BODY = YES;
				CLANG_WARN_ENUM_CONVERSION = YES;
				CLANG_WARN_INFINITE_RECURSION = YES;
				CLANG_WARN_INT_CONVERSION = YES;
				CLANG_WARN_NON_LITERAL_NULL_CONVERSION = YES;
				CLANG_WARN_OBJC_IMPLICIT_RETAIN_SELF = YES;
				CLANG_WARN_OBJC_LITERAL_CONVERSION = YES;
				CLANG_WARN_OBJC_ROOT_CLASS = YES_ERROR;
				CLANG_WARN_QUOTED_INCLUDE_IN_FRAMEWORK_HEADER = YES;
				CLANG_WARN_RANGE_LOOP_ANALYSIS = YES;
				CLANG_WARN_STRICT_PROTOTYPES = YES;
				CLANG_WARN_SUSPICIOUS_MOVE = YES;
				CLANG_WARN_UNGUARDED_AVAILABILITY = YES_AGGRESSIVE;
				CLANG_WARN_UNREACHABLE_CODE = YES;
				CLANG_WARN__DUPLICATE_METHOD_MATCH = YES;
				COPY_PHASE_STRIP = NO;
				DEBUG_INFORMATION_FORMAT = "dwarf-with-dsym";
				ENABLE_NS_ASSERTIONS = NO;
				ENABLE_STRICT_OBJC_MSGSEND = YES;
				GCC_C_LANGUAGE_STANDARD = gnu11;
				GCC_NO_COMMON_BLOCKS = YES;
				GCC_WARN_64_TO_32_BIT_CONVERSION = YES;
				GCC_WARN_ABOUT_RETURN_TYPE = YES_ERROR;
				GCC_WARN_UNDECLARED_SELECTOR = YES;
				GCC_WARN_UNINITIALIZED_AUTOS = YES_AGGRESSIVE;
				GCC_WARN_UNUSED_FUNCTION = YES;
				GCC_WARN_UNUSED_VARIABLE = YES;
				IPHONEOS_DEPLOYMENT_TARGET = 15.2;
				MTL_ENABLE_DEBUG_INFO = NO;
				MTL_FAST_MATH = YES;
				SDKROOT = iphoneos;
				SWIFT_COMPILATION_MODE = wholemodule;
				SWIFT_OPTIMIZATION_LEVEL = "-O";
				VALIDATE_PRODUCT = YES;
			};
			name = Release;
		};
		D5BCD51627D263E70031C074 /* Debug */ = {
			isa = XCBuildConfiguration;
			buildSettings = {
				ASSETCATALOG_COMPILER_APPICON_NAME = AppIcon;
				ASSETCATALOG_COMPILER_GLOBAL_ACCENT_COLOR_NAME = AccentColor;
				CODE_SIGN_STYLE = Automatic;
				CURRENT_PROJECT_VERSION = 1;
				DEVELOPMENT_TEAM = TBUC479BJG;
				GENERATE_INFOPLIST_FILE = YES;
				INFOPLIST_FILE = Tabla2/Info.plist;
				INFOPLIST_KEY_UIApplicationSupportsIndirectInputEvents = YES;
				INFOPLIST_KEY_UILaunchStoryboardName = LaunchScreen;
				INFOPLIST_KEY_UIMainStoryboardFile = Main;
				INFOPLIST_KEY_UISupportedInterfaceOrientations_iPad = "UIInterfaceOrientationPortrait UIInterfaceOrientationPortraitUpsideDown UIInterfaceOrientationLandscapeLeft UIInterfaceOrientationLandscapeRight";
				INFOPLIST_KEY_UISupportedInterfaceOrientations_iPhone = "UIInterfaceOrientationPortrait UIInterfaceOrientationLandscapeLeft UIInterfaceOrientationLandscapeRight";
				LD_RUNPATH_SEARCH_PATHS = (
					"$(inherited)",
					"@executable_path/Frameworks",
				);
				MARKETING_VERSION = 1.0;
				PRODUCT_BUNDLE_IDENTIFIER = entreprise.3g.Tabla2;
				PRODUCT_NAME = "$(TARGET_NAME)";
				SWIFT_EMIT_LOC_STRINGS = YES;
				SWIFT_VERSION = 5.0;
				TARGETED_DEVICE_FAMILY = "1,2";
			};
			name = Debug;
		};
		D5BCD51727D263E70031C074 /* Release */ = {
			isa = XCBuildConfiguration;
			buildSettings = {
				ASSETCATALOG_COMPILER_APPICON_NAME = AppIcon;
				ASSETCATALOG_COMPILER_GLOBAL_ACCENT_COLOR_NAME = AccentColor;
				CODE_SIGN_STYLE = Automatic;
				CURRENT_PROJECT_VERSION = 1;
				DEVELOPMENT_TEAM = TBUC479BJG;
				GENERATE_INFOPLIST_FILE = YES;
				INFOPLIST_FILE = Tabla2/Info.plist;
				INFOPLIST_KEY_UIApplicationSupportsIndirectInputEvents = YES;
				INFOPLIST_KEY_UILaunchStoryboardName = LaunchScreen;
				INFOPLIST_KEY_UIMainStoryboardFile = Main;
				INFOPLIST_KEY_UISupportedInterfaceOrientations_iPad = "UIInterfaceOrientationPortrait UIInterfaceOrientationPortraitUpsideDown UIInterfaceOrientationLandscapeLeft UIInterfaceOrientationLandscapeRight";
				INFOPLIST_KEY_UISupportedInterfaceOrientations_iPhone = "UIInterfaceOrientationPortrait UIInterfaceOrientationLandscapeLeft UIInterfaceOrientationLandscapeRight";
				LD_RUNPATH_SEARCH_PATHS = (
					"$(inherited)",
					"@executable_path/Frameworks",
				);
				MARKETING_VERSION = 1.0;
				PRODUCT_BUNDLE_IDENTIFIER = entreprise.3g.Tabla2;
				PRODUCT_NAME = "$(TARGET_NAME)";
				SWIFT_EMIT_LOC_STRINGS = YES;
				SWIFT_VERSION = 5.0;
				TARGETED_DEVICE_FAMILY = "1,2";
			};
			name = Release;
		};
/* End XCBuildConfiguration section */

/* Begin XCConfigurationList section */
		D5BCD4F927D263E40031C074 /* Build configuration list for PBXProject "Tabla2" */ = {
			isa = XCConfigurationList;
			buildConfigurations = (
				D5BCD51327D263E70031C074 /* Debug */,
				D5BCD51427D263E70031C074 /* Release */,
			);
			defaultConfigurationIsVisible = 0;
			defaultConfigurationName = Release;
		};
		D5BCD51527D263E70031C074 /* Build configuration list for PBXNativeTarget "Tabla2" */ = {
			isa = XCConfigurationList;
			buildConfigurations = (
				D5BCD51627D263E70031C074 /* Debug */,
				D5BCD51727D263E70031C074 /* Release */,
			);
			defaultConfigurationIsVisible = 0;
			defaultConfigurationName = Release;
		};
/* End XCConfigurationList section */

/* Begin XCVersionGroup section */
		D5BCD50A27D263E40031C074 /* Tabla2.xcdatamodeld */ = {
			isa = XCVersionGroup;
			children = (
				D5BCD50B27D263E40031C074 /* Tabla2.xcdatamodel */,
			);
			currentVersion = D5BCD50B27D263E40031C074 /* Tabla2.xcdatamodel */;
			path = Tabla2.xcdatamodeld;
			sourceTree = "<group>";
			versionGroupType = wrapper.xcdatamodel;
		};
/* End XCVersionGroup section */
	};
	rootObject = D5BCD4F627D263E40031C074 /* Project object */;
}
